
Microsoft Visual Studio Solution File, Format Version 12.00
# Visual Studio Version 16
VisualStudioVersion = 25.0.1706.0
MinimumVisualStudioVersion = 10.0.40219.1
Project("{FAE04EC0-301F-11D3-BF4B-00C04F79EFBC}") = "zero_lab", "Lab_OOP\zero_lab.csproj", "{9E6D06D1-26BE-400F-87C8-B77473C53931}"
EndProject
Project("{FAE04EC0-301F-11D3-BF4B-00C04F79EFBC}") = "first_lab", "first_lab\first_lab.csproj", "{71ED3EEC-B8AF-4889-9315-E0875DCBDCF0}"
EndProject
Project("{FAE04EC0-301F-11D3-BF4B-00C04F79EFBC}") = "second_lab", "second_lab\second_lab.csproj", "{24865BF1-925C-4CE2-9ED6-C05DE2125C17}"
EndProject
Global
	GlobalSection(SolutionConfigurationPlatforms) = preSolution
		Debug|Any CPU = Debug|Any CPU
		Release|Any CPU = Release|Any CPU
	EndGlobalSection
	GlobalSection(ProjectConfigurationPlatforms) = postSolution
		{9E6D06D1-26BE-400F-87C8-B77473C53931}.Debug|Any CPU.ActiveCfg = Debug|Any CPU
		{9E6D06D1-26BE-400F-87C8-B77473C53931}.Release|Any CPU.ActiveCfg = Release|Any CPU
		{9E6D06D1-26BE-400F-87C8-B77473C53931}.Release|Any CPU.Build.0 = Release|Any CPU
		{71ED3EEC-B8AF-4889-9315-E0875DCBDCF0}.Debug|Any CPU.ActiveCfg = Debug|Any CPU
		{71ED3EEC-B8AF-4889-9315-E0875DCBDCF0}.Debug|Any CPU.Build.0 = Debug|Any CPU
		{71ED3EEC-B8AF-4889-9315-E0875DCBDCF0}.Release|Any CPU.ActiveCfg = Release|Any CPU
		{71ED3EEC-B8AF-4889-9315-E0875DCBDCF0}.Release|Any CPU.Build.0 = Release|Any CPU
		{24865BF1-925C-4CE2-9ED6-C05DE2125C17}.Debug|Any CPU.ActiveCfg = Debug|Any CPU
		{24865BF1-925C-4CE2-9ED6-C05DE2125C17}.Debug|Any CPU.Build.0 = Debug|Any CPU
		{24865BF1-925C-4CE2-9ED6-C05DE2125C17}.Release|Any CPU.ActiveCfg = Release|Any CPU
		{24865BF1-925C-4CE2-9ED6-C05DE2125C17}.Release|Any CPU.Build.0 = Release|Any CPU
	EndGlobalSection
	GlobalSection(SolutionProperties) = preSolution
		HideSolutionNode = FALSE
	EndGlobalSection
	GlobalSection(ExtensibilityGlobals) = postSolution
		SolutionGuid = {5A3DAF4C-2F6D-411F-A319-F7BD2B16F773}
	EndGlobalSection
EndGlobal
